# This file was autogenerated by Stack.
# You should not edit this file by hand.
# For more information, please see the documentation at:
#   https://docs.haskellstack.org/en/stable/lock_files

packages:
- completed:
    hackage: text-time-0.3.1@sha256:c4301ea47bcb72deb60b0be25cf6f6b693a34a862ea9a8e9bc8b9a750e0857e9,1757
    pantry-tree:
      size: 638
      sha256: 0f3cc12775c099769901af4708a4ac04cdc9cbca8b22747be0c82c9c916d7e24
  original:
    hackage: text-time-0.3.1
- completed:
    hackage: HTTP-4000.2.3@sha256:58724c888e901ca574abb8ca3176bda02831f66ce0c3af6469cd7b73a86cca72,3683
    pantry-tree:
      size: 1257
      sha256: e21c178f1d42dac9b28347345d450135b5116c2f4a6c15487c300b85e8665ccc
  original:
    hackage: HTTP-4000.2.3
snapshots:
- completed:
    size: 533252
    url: https://raw.githubusercontent.com/commercialhaskell/stackage-snapshots/master/lts/16/26.yaml
    sha256: cdbc5db9c1afe80a5998247939027a0c7db92fa0f20b5cd01596ec3da628b622
  original:
    url: https://raw.githubusercontent.com/commercialhaskell/stackage-snapshots/master/lts/16/26.yaml
